// !$*UTF8*$!
{
	archiveVersion = 1;
	classes = {
	};
	objectVersion = 50;
	objects = {

/* Begin PBXBuildFile section */
		4A07B8DE21931C2C00E86E08 /* EmergencyEventViewController.swift in Sources */ = {isa = PBXBuildFile; fileRef = 4A07B8DD21931C2C00E86E08 /* EmergencyEventViewController.swift */; };
		4A44FA702189C02200AC735A /* AppDelegate.swift in Sources */ = {isa = PBXBuildFile; fileRef = 4A44FA6F2189C02200AC735A /* AppDelegate.swift */; };
		4A44FA752189C02200AC735A /* Main.storyboard in Resources */ = {isa = PBXBuildFile; fileRef = 4A44FA732189C02200AC735A /* Main.storyboard */; };
		4A44FA782189C02200AC735A /* LPHSignageLive.xcdatamodeld in Sources */ = {isa = PBXBuildFile; fileRef = 4A44FA762189C02200AC735A /* LPHSignageLive.xcdatamodeld */; };
		4A44FA7A2189C02300AC735A /* Assets.xcassets in Resources */ = {isa = PBXBuildFile; fileRef = 4A44FA792189C02300AC735A /* Assets.xcassets */; };
		4A44FA7D2189C02300AC735A /* LaunchScreen.storyboard in Resources */ = {isa = PBXBuildFile; fileRef = 4A44FA7B2189C02300AC735A /* LaunchScreen.storyboard */; };
		4A44FA882189C02300AC735A /* LPHSignageLiveTests.swift in Sources */ = {isa = PBXBuildFile; fileRef = 4A44FA872189C02300AC735A /* LPHSignageLiveTests.swift */; };
		4A44FA932189C4B300AC735A /* MainPageCollectionViewController.swift in Sources */ = {isa = PBXBuildFile; fileRef = 4A44FA922189C4B300AC735A /* MainPageCollectionViewController.swift */; };
		4A44FA952189CA1C00AC735A /* Features.swift in Sources */ = {isa = PBXBuildFile; fileRef = 4A44FA942189CA1C00AC735A /* Features.swift */; };
		4A44FA972189CA5900AC735A /* MainCollectionViewCell.swift in Sources */ = {isa = PBXBuildFile; fileRef = 4A44FA962189CA5900AC735A /* MainCollectionViewCell.swift */; };
		4A44FA992189CCA100AC735A /* DataSource.swift in Sources */ = {isa = PBXBuildFile; fileRef = 4A44FA982189CCA100AC735A /* DataSource.swift */; };
		4A44FA9E2189E3DC00AC735A /* TimeSelectorViewController.swift in Sources */ = {isa = PBXBuildFile; fileRef = 4A44FA9D2189E3DC00AC735A /* TimeSelectorViewController.swift */; };
		4A44FAA02189E58000AC735A /* TimeSelectorView.swift in Sources */ = {isa = PBXBuildFile; fileRef = 4A44FA9F2189E58000AC735A /* TimeSelectorView.swift */; };
		4A44FAA22189E72200AC735A /* MSCircularSlider.framework in Frameworks */ = {isa = PBXBuildFile; fileRef = 4A44FAA12189E72200AC735A /* MSCircularSlider.framework */; };
		4AAFE7A72190AFE700F9C081 /* HTTPRequest.swift in Sources */ = {isa = PBXBuildFile; fileRef = 4AAFE7A62190AFE700F9C081 /* HTTPRequest.swift */; };
		7A65CEF94AEA084BB661ED61 /* Pods_LPHSignageLiveTests.framework in Frameworks */ = {isa = PBXBuildFile; fileRef = 34E7621AD12F21BA396B0F2C /* Pods_LPHSignageLiveTests.framework */; };
		EFBF2FEAB9AB2405B2BDCF62 /* Pods_LPHSignageLive.framework in Frameworks */ = {isa = PBXBuildFile; fileRef = 6BE0DB65A0782DEBC1EF41EE /* Pods_LPHSignageLive.framework */; };
/* End PBXBuildFile section */

/* Begin PBXContainerItemProxy section */
		4A44FA842189C02300AC735A /* PBXContainerItemProxy */ = {
			isa = PBXContainerItemProxy;
			containerPortal = 4A44FA642189C02200AC735A /* Project object */;
			proxyType = 1;
			remoteGlobalIDString = 4A44FA6B2189C02200AC735A;
			remoteInfo = LPHSignageLive;
		};
/* End PBXContainerItemProxy section */

/* Begin PBXFileReference section */
		1D421270ABE11F408E7CB163 /* Pods-LPHSignageLive.debug.xcconfig */ = {isa = PBXFileReference; includeInIndex = 1; lastKnownFileType = text.xcconfig; name = "Pods-LPHSignageLive.debug.xcconfig"; path = "Pods/Target Support Files/Pods-LPHSignageLive/Pods-LPHSignageLive.debug.xcconfig"; sourceTree = "<group>"; };
		34E7621AD12F21BA396B0F2C /* Pods_LPHSignageLiveTests.framework */ = {isa = PBXFileReference; explicitFileType = wrapper.framework; includeInIndex = 0; path = Pods_LPHSignageLiveTests.framework; sourceTree = BUILT_PRODUCTS_DIR; };
		3E428841F22B4013B70FEAA2 /* Pods-LPHSignageLiveTests.release.xcconfig */ = {isa = PBXFileReference; includeInIndex = 1; lastKnownFileType = text.xcconfig; name = "Pods-LPHSignageLiveTests.release.xcconfig"; path = "Pods/Target Support Files/Pods-LPHSignageLiveTests/Pods-LPHSignageLiveTests.release.xcconfig"; sourceTree = "<group>"; };
		4A07B8DD21931C2C00E86E08 /* EmergencyEventViewController.swift */ = {isa = PBXFileReference; lastKnownFileType = sourcecode.swift; path = EmergencyEventViewController.swift; sourceTree = "<group>"; };
		4A44FA6C2189C02200AC735A /* LPHSignageLive.app */ = {isa = PBXFileReference; explicitFileType = wrapper.application; includeInIndex = 0; path = LPHSignageLive.app; sourceTree = BUILT_PRODUCTS_DIR; };
		4A44FA6F2189C02200AC735A /* AppDelegate.swift */ = {isa = PBXFileReference; lastKnownFileType = sourcecode.swift; path = AppDelegate.swift; sourceTree = "<group>"; };
		4A44FA742189C02200AC735A /* Base */ = {isa = PBXFileReference; lastKnownFileType = file.storyboard; name = Base; path = Base.lproj/Main.storyboard; sourceTree = "<group>"; };
		4A44FA772189C02200AC735A /* LPHSignageLive.xcdatamodel */ = {isa = PBXFileReference; lastKnownFileType = wrapper.xcdatamodel; path = LPHSignageLive.xcdatamodel; sourceTree = "<group>"; };
		4A44FA792189C02300AC735A /* Assets.xcassets */ = {isa = PBXFileReference; lastKnownFileType = folder.assetcatalog; path = Assets.xcassets; sourceTree = "<group>"; };
		4A44FA7C2189C02300AC735A /* Base */ = {isa = PBXFileReference; lastKnownFileType = file.storyboard; name = Base; path = Base.lproj/LaunchScreen.storyboard; sourceTree = "<group>"; };
		4A44FA7E2189C02300AC735A /* Info.plist */ = {isa = PBXFileReference; lastKnownFileType = text.plist.xml; path = Info.plist; sourceTree = "<group>"; };
		4A44FA832189C02300AC735A /* LPHSignageLiveTests.xctest */ = {isa = PBXFileReference; explicitFileType = wrapper.cfbundle; includeInIndex = 0; path = LPHSignageLiveTests.xctest; sourceTree = BUILT_PRODUCTS_DIR; };
		4A44FA872189C02300AC735A /* LPHSignageLiveTests.swift */ = {isa = PBXFileReference; lastKnownFileType = sourcecode.swift; path = LPHSignageLiveTests.swift; sourceTree = "<group>"; };
		4A44FA892189C02300AC735A /* Info.plist */ = {isa = PBXFileReference; lastKnownFileType = text.plist.xml; path = Info.plist; sourceTree = "<group>"; };
		4A44FA922189C4B300AC735A /* MainPageCollectionViewController.swift */ = {isa = PBXFileReference; lastKnownFileType = sourcecode.swift; path = MainPageCollectionViewController.swift; sourceTree = "<group>"; };
		4A44FA942189CA1C00AC735A /* Features.swift */ = {isa = PBXFileReference; lastKnownFileType = sourcecode.swift; path = Features.swift; sourceTree = "<group>"; };
		4A44FA962189CA5900AC735A /* MainCollectionViewCell.swift */ = {isa = PBXFileReference; lastKnownFileType = sourcecode.swift; path = MainCollectionViewCell.swift; sourceTree = "<group>"; };
		4A44FA982189CCA100AC735A /* DataSource.swift */ = {isa = PBXFileReference; lastKnownFileType = sourcecode.swift; path = DataSource.swift; sourceTree = "<group>"; };
		4A44FA9D2189E3DC00AC735A /* TimeSelectorViewController.swift */ = {isa = PBXFileReference; lastKnownFileType = sourcecode.swift; path = TimeSelectorViewController.swift; sourceTree = "<group>"; };
		4A44FA9F2189E58000AC735A /* TimeSelectorView.swift */ = {isa = PBXFileReference; lastKnownFileType = sourcecode.swift; path = TimeSelectorView.swift; sourceTree = "<group>"; };
		4A44FAA12189E72200AC735A /* MSCircularSlider.framework */ = {isa = PBXFileReference; explicitFileType = wrapper.framework; path = MSCircularSlider.framework; sourceTree = BUILT_PRODUCTS_DIR; };
		4AAFE7A62190AFE700F9C081 /* HTTPRequest.swift */ = {isa = PBXFileReference; lastKnownFileType = sourcecode.swift; path = HTTPRequest.swift; sourceTree = "<group>"; };
		50E1C622D320D24A8DE9627E /* Pods-LPHSignageLiveTests.debug.xcconfig */ = {isa = PBXFileReference; includeInIndex = 1; lastKnownFileType = text.xcconfig; name = "Pods-LPHSignageLiveTests.debug.xcconfig"; path = "Pods/Target Support Files/Pods-LPHSignageLiveTests/Pods-LPHSignageLiveTests.debug.xcconfig"; sourceTree = "<group>"; };
		6BE0DB65A0782DEBC1EF41EE /* Pods_LPHSignageLive.framework */ = {isa = PBXFileReference; explicitFileType = wrapper.framework; includeInIndex = 0; path = Pods_LPHSignageLive.framework; sourceTree = BUILT_PRODUCTS_DIR; };
		D673EA1C30A55D2301F09D37 /* Pods-LPHSignageLive.release.xcconfig */ = {isa = PBXFileReference; includeInIndex = 1; lastKnownFileType = text.xcconfig; name = "Pods-LPHSignageLive.release.xcconfig"; path = "Pods/Target Support Files/Pods-LPHSignageLive/Pods-LPHSignageLive.release.xcconfig"; sourceTree = "<group>"; };
/* End PBXFileReference section */

/* Begin PBXFrameworksBuildPhase section */
		4A44FA692189C02200AC735A /* Frameworks */ = {
			isa = PBXFrameworksBuildPhase;
			buildActionMask = 2147483647;
			files = (
				4A44FAA22189E72200AC735A /* MSCircularSlider.framework in Frameworks */,
				EFBF2FEAB9AB2405B2BDCF62 /* Pods_LPHSignageLive.framework in Frameworks */,
			);
			runOnlyForDeploymentPostprocessing = 0;
		};
		4A44FA802189C02300AC735A /* Frameworks */ = {
			isa = PBXFrameworksBuildPhase;
			buildActionMask = 2147483647;
			files = (
				7A65CEF94AEA084BB661ED61 /* Pods_LPHSignageLiveTests.framework in Frameworks */,
			);
			runOnlyForDeploymentPostprocessing = 0;
		};
/* End PBXFrameworksBuildPhase section */

/* Begin PBXGroup section */
		4A44FA632189C02200AC735A = {
			isa = PBXGroup;
			children = (
				4A44FA6E2189C02200AC735A /* LPHSignageLive */,
				4A44FA862189C02300AC735A /* LPHSignageLiveTests */,
				4A44FA6D2189C02200AC735A /* Products */,
				E82472840EE568849B50BA35 /* Pods */,
				7CD93F26048335D9E71B9491 /* Frameworks */,
			);
			sourceTree = "<group>";
		};
		4A44FA6D2189C02200AC735A /* Products */ = {
			isa = PBXGroup;
			children = (
				4A44FA6C2189C02200AC735A /* LPHSignageLive.app */,
				4A44FA832189C02300AC735A /* LPHSignageLiveTests.xctest */,
			);
			name = Products;
			sourceTree = "<group>";
		};
		4A44FA6E2189C02200AC735A /* LPHSignageLive */ = {
			isa = PBXGroup;
			children = (
				4A44FA9C2189E09600AC735A /* Controllers */,
				4A44FA9B2189CCCE00AC735A /* Views */,
				4A44FA9A2189CCBD00AC735A /* Models */,
				4A44FA6F2189C02200AC735A /* AppDelegate.swift */,
				4A44FA732189C02200AC735A /* Main.storyboard */,
				4A44FA792189C02300AC735A /* Assets.xcassets */,
				4A44FA7B2189C02300AC735A /* LaunchScreen.storyboard */,
				4A44FA7E2189C02300AC735A /* Info.plist */,
				4A44FA762189C02200AC735A /* LPHSignageLive.xcdatamodeld */,
			);
			path = LPHSignageLive;
			sourceTree = "<group>";
		};
		4A44FA862189C02300AC735A /* LPHSignageLiveTests */ = {
			isa = PBXGroup;
			children = (
				4A44FA872189C02300AC735A /* LPHSignageLiveTests.swift */,
				4A44FA892189C02300AC735A /* Info.plist */,
			);
			path = LPHSignageLiveTests;
			sourceTree = "<group>";
		};
		4A44FA9A2189CCBD00AC735A /* Models */ = {
			isa = PBXGroup;
			children = (
				4A44FA942189CA1C00AC735A /* Features.swift */,
				4A44FA982189CCA100AC735A /* DataSource.swift */,
				4AAFE7A62190AFE700F9C081 /* HTTPRequest.swift */,
			);
			path = Models;
			sourceTree = "<group>";
		};
		4A44FA9B2189CCCE00AC735A /* Views */ = {
			isa = PBXGroup;
			children = (
				4A44FA962189CA5900AC735A /* MainCollectionViewCell.swift */,
				4A44FA9F2189E58000AC735A /* TimeSelectorView.swift */,
			);
			path = Views;
			sourceTree = "<group>";
		};
		4A44FA9C2189E09600AC735A /* Controllers */ = {
			isa = PBXGroup;
			children = (
				4A44FA922189C4B300AC735A /* MainPageCollectionViewController.swift */,
				4A44FA9D2189E3DC00AC735A /* TimeSelectorViewController.swift */,
				4A07B8DD21931C2C00E86E08 /* EmergencyEventViewController.swift */,
			);
			path = Controllers;
			sourceTree = "<group>";
		};
		7CD93F26048335D9E71B9491 /* Frameworks */ = {
			isa = PBXGroup;
			children = (
				4A44FAA12189E72200AC735A /* MSCircularSlider.framework */,
				6BE0DB65A0782DEBC1EF41EE /* Pods_LPHSignageLive.framework */,
				34E7621AD12F21BA396B0F2C /* Pods_LPHSignageLiveTests.framework */,
			);
			name = Frameworks;
			sourceTree = "<group>";
		};
		E82472840EE568849B50BA35 /* Pods */ = {
			isa = PBXGroup;
			children = (
				1D421270ABE11F408E7CB163 /* Pods-LPHSignageLive.debug.xcconfig */,
				D673EA1C30A55D2301F09D37 /* Pods-LPHSignageLive.release.xcconfig */,
				50E1C622D320D24A8DE9627E /* Pods-LPHSignageLiveTests.debug.xcconfig */,
				3E428841F22B4013B70FEAA2 /* Pods-LPHSignageLiveTests.release.xcconfig */,
			);
			name = Pods;
			sourceTree = "<group>";
		};
/* End PBXGroup section */

/* Begin PBXNativeTarget section */
		4A44FA6B2189C02200AC735A /* LPHSignageLive */ = {
			isa = PBXNativeTarget;
			buildConfigurationList = 4A44FA8C2189C02300AC735A /* Build configuration list for PBXNativeTarget "LPHSignageLive" */;
			buildPhases = (
				2BA030E1EE374DC701A3DD20 /* [CP] Check Pods Manifest.lock */,
				4A44FA682189C02200AC735A /* Sources */,
				4A44FA692189C02200AC735A /* Frameworks */,
				4A44FA6A2189C02200AC735A /* Resources */,
				F4707B6CA39AA6CDF36E1EC9 /* [CP] Embed Pods Frameworks */,
			);
			buildRules = (
			);
			dependencies = (
			);
			name = LPHSignageLive;
			productName = LPHSignageLive;
			productReference = 4A44FA6C2189C02200AC735A /* LPHSignageLive.app */;
			productType = "com.apple.product-type.application";
		};
		4A44FA822189C02300AC735A /* LPHSignageLiveTests */ = {
			isa = PBXNativeTarget;
			buildConfigurationList = 4A44FA8F2189C02300AC735A /* Build configuration list for PBXNativeTarget "LPHSignageLiveTests" */;
			buildPhases = (
				1075837F3E381BDD7B774780 /* [CP] Check Pods Manifest.lock */,
				4A44FA7F2189C02300AC735A /* Sources */,
				4A44FA802189C02300AC735A /* Frameworks */,
				4A44FA812189C02300AC735A /* Resources */,
			);
			buildRules = (
			);
			dependencies = (
				4A44FA852189C02300AC735A /* PBXTargetDependency */,
			);
			name = LPHSignageLiveTests;
			productName = LPHSignageLiveTests;
			productReference = 4A44FA832189C02300AC735A /* LPHSignageLiveTests.xctest */;
			productType = "com.apple.product-type.bundle.unit-test";
		};
/* End PBXNativeTarget section */

/* Begin PBXProject section */
		4A44FA642189C02200AC735A /* Project object */ = {
			isa = PBXProject;
			attributes = {
				LastSwiftUpdateCheck = 1000;
				LastUpgradeCheck = 1000;
				ORGANIZATIONNAME = "Tom Murray";
				TargetAttributes = {
					4A44FA6B2189C02200AC735A = {
						CreatedOnToolsVersion = 10.0;
					};
					4A44FA822189C02300AC735A = {
						CreatedOnToolsVersion = 10.0;
						TestTargetID = 4A44FA6B2189C02200AC735A;
					};
				};
			};
			buildConfigurationList = 4A44FA672189C02200AC735A /* Build configuration list for PBXProject "LPHSignageLive" */;
			compatibilityVersion = "Xcode 9.3";
			developmentRegion = en;
			hasScannedForEncodings = 0;
			knownRegions = (
				en,
				Base,
			);
			mainGroup = 4A44FA632189C02200AC735A;
			productRefGroup = 4A44FA6D2189C02200AC735A /* Products */;
			projectDirPath = "";
			projectRoot = "";
			targets = (
				4A44FA6B2189C02200AC735A /* LPHSignageLive */,
				4A44FA822189C02300AC735A /* LPHSignageLiveTests */,
			);
		};
/* End PBXProject section */

/* Begin PBXResourcesBuildPhase section */
		4A44FA6A2189C02200AC735A /* Resources */ = {
			isa = PBXResourcesBuildPhase;
			buildActionMask = 2147483647;
			files = (
				4A44FA7D2189C02300AC735A /* LaunchScreen.storyboard in Resources */,
				4A44FA7A2189C02300AC735A /* Assets.xcassets in Resources */,
				4A44FA752189C02200AC735A /* Main.storyboard in Resources */,
			);
			runOnlyForDeploymentPostprocessing = 0;
		};
		4A44FA812189C02300AC735A /* Resources */ = {
			isa = PBXResourcesBuildPhase;
			buildActionMask = 2147483647;
			files = (
			);
			runOnlyForDeploymentPostprocessing = 0;
		};
/* End PBXResourcesBuildPhase section */

/* Begin PBXShellScriptBuildPhase section */
		1075837F3E381BDD7B774780 /* [CP] Check Pods Manifest.lock */ = {
			isa = PBXShellScriptBuildPhase;
			buildActionMask = 2147483647;
			files = (
			);
			inputPaths = (
				"${PODS_PODFILE_DIR_PATH}/Podfile.lock",
				"${PODS_ROOT}/Manifest.lock",
			);
			name = "[CP] Check Pods Manifest.lock";
			outputPaths = (
				"$(DERIVED_FILE_DIR)/Pods-LPHSignageLiveTests-checkManifestLockResult.txt",
			);
			runOnlyForDeploymentPostprocessing = 0;
			shellPath = /bin/sh;
			shellScript = "diff \"${PODS_PODFILE_DIR_PATH}/Podfile.lock\" \"${PODS_ROOT}/Manifest.lock\" > /dev/null\nif [ $? != 0 ] ; then\n    # print error to STDERR\n    echo \"error: The sandbox is not in sync with the Podfile.lock. Run 'pod install' or update your CocoaPods installation.\" >&2\n    exit 1\nfi\n# This output is used by Xcode 'outputs' to avoid re-running this script phase.\necho \"SUCCESS\" > \"${SCRIPT_OUTPUT_FILE_0}\"\n";
			showEnvVarsInLog = 0;
		};
		2BA030E1EE374DC701A3DD20 /* [CP] Check Pods Manifest.lock */ = {
			isa = PBXShellScriptBuildPhase;
			buildActionMask = 2147483647;
			files = (
			);
			inputPaths = (
				"${PODS_PODFILE_DIR_PATH}/Podfile.lock",
				"${PODS_ROOT}/Manifest.lock",
			);
			name = "[CP] Check Pods Manifest.lock";
			outputPaths = (
				"$(DERIVED_FILE_DIR)/Pods-LPHSignageLive-checkManifestLockResult.txt",
			);
			runOnlyForDeploymentPostprocessing = 0;
			shellPath = /bin/sh;
			shellScript = "diff \"${PODS_PODFILE_DIR_PATH}/Podfile.lock\" \"${PODS_ROOT}/Manifest.lock\" > /dev/null\nif [ $? != 0 ] ; then\n    # print error to STDERR\n    echo \"error: The sandbox is not in sync with the Podfile.lock. Run 'pod install' or update your CocoaPods installation.\" >&2\n    exit 1\nfi\n# This output is used by Xcode 'outputs' to avoid re-running this script phase.\necho \"SUCCESS\" > \"${SCRIPT_OUTPUT_FILE_0}\"\n";
			showEnvVarsInLog = 0;
		};
		F4707B6CA39AA6CDF36E1EC9 /* [CP] Embed Pods Frameworks */ = {
			isa = PBXShellScriptBuildPhase;
			buildActionMask = 2147483647;
			files = (
			);
			inputPaths = (
				"${SRCROOT}/Pods/Target Support Files/Pods-LPHSignageLive/Pods-LPHSignageLive-frameworks.sh",
				"${BUILT_PRODUCTS_DIR}/MSCircularSlider/MSCircularSlider.framework",
			);
			name = "[CP] Embed Pods Frameworks";
			outputPaths = (
				"${TARGET_BUILD_DIR}/${FRAMEWORKS_FOLDER_PATH}/MSCircularSlider.framework",
			);
			runOnlyForDeploymentPostprocessing = 0;
			shellPath = /bin/sh;
			shellScript = "\"${SRCROOT}/Pods/Target Support Files/Pods-LPHSignageLive/Pods-LPHSignageLive-frameworks.sh\"\n";
			showEnvVarsInLog = 0;
		};
/* End PBXShellScriptBuildPhase section */

/* Begin PBXSourcesBuildPhase section */
		4A44FA682189C02200AC735A /* Sources */ = {
			isa = PBXSourcesBuildPhase;
			buildActionMask = 2147483647;
			files = (
				4AAFE7A72190AFE700F9C081 /* HTTPRequest.swift in Sources */,
				4A44FA992189CCA100AC735A /* DataSource.swift in Sources */,
				4A44FA702189C02200AC735A /* AppDelegate.swift in Sources */,
				4A44FA932189C4B300AC735A /* MainPageCollectionViewController.swift in Sources */,
				4A44FA9E2189E3DC00AC735A /* TimeSelectorViewController.swift in Sources */,
				4A07B8DE21931C2C00E86E08 /* EmergencyEventViewController.swift in Sources */,
				4A44FAA02189E58000AC735A /* TimeSelectorView.swift in Sources */,
				4A44FA972189CA5900AC735A /* MainCollectionViewCell.swift in Sources */,
				4A44FA952189CA1C00AC735A /* Features.swift in Sources */,
				4A44FA782189C02200AC735A /* LPHSignageLive.xcdatamodeld in Sources */,
			);
			runOnlyForDeploymentPostprocessing = 0;
		};
		4A44FA7F2189C02300AC735A /* Sources */ = {
			isa = PBXSourcesBuildPhase;
			buildActionMask = 2147483647;
			files = (
				4A44FA882189C02300AC735A /* LPHSignageLiveTests.swift in Sources */,
			);
			runOnlyForDeploymentPostprocessing = 0;
		};
/* End PBXSourcesBuildPhase section */

/* Begin PBXTargetDependency section */
		4A44FA852189C02300AC735A /* PBXTargetDependency */ = {
			isa = PBXTargetDependency;
			target = 4A44FA6B2189C02200AC735A /* LPHSignageLive */;
			targetProxy = 4A44FA842189C02300AC735A /* PBXContainerItemProxy */;
		};
/* End PBXTargetDependency section */

/* Begin PBXVariantGroup section */
		4A44FA732189C02200AC735A /* Main.storyboard */ = {
			isa = PBXVariantGroup;
			children = (
				4A44FA742189C02200AC735A /* Base */,
			);
			name = Main.storyboard;
			sourceTree = "<group>";
		};
		4A44FA7B2189C02300AC735A /* LaunchScreen.storyboard */ = {
			isa = PBXVariantGroup;
			children = (
				4A44FA7C2189C02300AC735A /* Base */,
			);
			name = LaunchScreen.storyboard;
			sourceTree = "<group>";
		};
/* End PBXVariantGroup section */

/* Begin XCBuildConfiguration section */
		4A44FA8A2189C02300AC735A /* Debug */ = {
			isa = XCBuildConfiguration;
			buildSettings = {
				ALWAYS_SEARCH_USER_PATHS = NO;
				CLANG_ANALYZER_NONNULL = YES;
				CLANG_ANALYZER_NUMBER_OBJECT_CONVERSION = YES_AGGRESSIVE;
				CLANG_CXX_LANGUAGE_STANDARD = "gnu++14";
				CLANG_CXX_LIBRARY = "libc++";
				CLANG_ENABLE_MODULES = YES;
				CLANG_ENABLE_OBJC_ARC = YES;
				CLANG_ENABLE_OBJC_WEAK = YES;
				CLANG_WARN_BLOCK_CAPTURE_AUTORELEASING = YES;
				CLANG_WARN_BOOL_CONVERSION = YES;
				CLANG_WARN_COMMA = YES;
				CLANG_WARN_CONSTANT_CONVERSION = YES;
				CLANG_WARN_DEPRECATED_OBJC_IMPLEMENTATIONS = YES;
				CLANG_WARN_DIRECT_OBJC_ISA_USAGE = YES_ERROR;
				CLANG_WARN_DOCUMENTATION_COMMENTS = YES;
				CLANG_WARN_EMPTY_BODY = YES;
				CLANG_WARN_ENUM_CONVERSION = YES;
				CLANG_WARN_INFINITE_RECURSION = YES;
				CLANG_WARN_INT_CONVERSION = YES;
				CLANG_WARN_NON_LITERAL_NULL_CONVERSION = YES;
				CLANG_WARN_OBJC_IMPLICIT_RETAIN_SELF = YES;
				CLANG_WARN_OBJC_LITERAL_CONVERSION = YES;
				CLANG_WARN_OBJC_ROOT_CLASS = YES_ERROR;
				CLANG_WARN_RANGE_LOOP_ANALYSIS = YES;
				CLANG_WARN_STRICT_PROTOTYPES = YES;
				CLANG_WARN_SUSPICIOUS_MOVE = YES;
				CLANG_WARN_UNGUARDED_AVAILABILITY = YES_AGGRESSIVE;
				CLANG_WARN_UNREACHABLE_CODE = YES;
				CLANG_WARN__DUPLICATE_METHOD_MATCH = YES;
				CODE_SIGN_IDENTITY = "iPhone Developer";
				COPY_PHASE_STRIP = NO;
				DEBUG_INFORMATION_FORMAT = dwarf;
				ENABLE_STRICT_OBJC_MSGSEND = YES;
				ENABLE_TESTABILITY = YES;
				GCC_C_LANGUAGE_STANDARD = gnu11;
				GCC_DYNAMIC_NO_PIC = NO;
				GCC_NO_COMMON_BLOCKS = YES;
				GCC_OPTIMIZATION_LEVEL = 0;
				GCC_PREPROCESSOR_DEFINITIONS = (
					"DEBUG=1",
					"$(inherited)",
				);
				GCC_WARN_64_TO_32_BIT_CONVERSION = YES;
				GCC_WARN_ABOUT_RETURN_TYPE = YES_ERROR;
				GCC_WARN_UNDECLARED_SELECTOR = YES;
				GCC_WARN_UNINITIALIZED_AUTOS = YES_AGGRESSIVE;
				GCC_WARN_UNUSED_FUNCTION = YES;
				GCC_WARN_UNUSED_VARIABLE = YES;
				IPHONEOS_DEPLOYMENT_TARGET = 12.0;
				MTL_ENABLE_DEBUG_INFO = INCLUDE_SOURCE;
				MTL_FAST_MATH = YES;
				ONLY_ACTIVE_ARCH = YES;
				SDKROOT = iphoneos;
				SWIFT_ACTIVE_COMPILATION_CONDITIONS = DEBUG;
				SWIFT_OPTIMIZATION_LEVEL = "-Onone";
			};
			name = Debug;
		};
		4A44FA8B2189C02300AC735A /* Release */ = {
			isa = XCBuildConfiguration;
			buildSettings = {
				ALWAYS_SEARCH_USER_PATHS = NO;
				CLANG_ANALYZER_NONNULL = YES;
				CLANG_ANALYZER_NUMBER_OBJECT_CONVERSION = YES_AGGRESSIVE;
				CLANG_CXX_LANGUAGE_STANDARD = "gnu++14";
				CLANG_CXX_LIBRARY = "libc++";
				CLANG_ENABLE_MODULES = YES;
				CLANG_ENABLE_OBJC_ARC = YES;
				CLANG_ENABLE_OBJC_WEAK = YES;
				CLANG_WARN_BLOCK_CAPTURE_AUTORELEASING = YES;
				CLANG_WARN_BOOL_CONVERSION = YES;
				CLANG_WARN_COMMA = YES;
				CLANG_WARN_CONSTANT_CONVERSION = YES;
				CLANG_WARN_DEPRECATED_OBJC_IMPLEMENTATIONS = YES;
				CLANG_WARN_DIRECT_OBJC_ISA_USAGE = YES_ERROR;
				CLANG_WARN_DOCUMENTATION_COMMENTS = YES;
				CLANG_WARN_EMPTY_BODY = YES;
				CLANG_WARN_ENUM_CONVERSION = YES;
				CLANG_WARN_INFINITE_RECURSION = YES;
				CLANG_WARN_INT_CONVERSION = YES;
				CLANG_WARN_NON_LITERAL_NULL_CONVERSION = YES;
				CLANG_WARN_OBJC_IMPLICIT_RETAIN_SELF = YES;
				CLANG_WARN_OBJC_LITERAL_CONVERSION = YES;
				CLANG_WARN_OBJC_ROOT_CLASS = YES_ERROR;
				CLANG_WARN_RANGE_LOOP_ANALYSIS = YES;
				CLANG_WARN_STRICT_PROTOTYPES = YES;
				CLANG_WARN_SUSPICIOUS_MOVE = YES;
				CLANG_WARN_UNGUARDED_AVAILABILITY = YES_AGGRESSIVE;
				CLANG_WARN_UNREACHABLE_CODE = YES;
				CLANG_WARN__DUPLICATE_METHOD_MATCH = YES;
				CODE_SIGN_IDENTITY = "iPhone Developer";
				COPY_PHASE_STRIP = NO;
				DEBUG_INFORMATION_FORMAT = "dwarf-with-dsym";
				ENABLE_NS_ASSERTIONS = NO;
				ENABLE_STRICT_OBJC_MSGSEND = YES;
				GCC_C_LANGUAGE_STANDARD = gnu11;
				GCC_NO_COMMON_BLOCKS = YES;
				GCC_WARN_64_TO_32_BIT_CONVERSION = YES;
				GCC_WARN_ABOUT_RETURN_TYPE = YES_ERROR;
				GCC_WARN_UNDECLARED_SELECTOR = YES;
				GCC_WARN_UNINITIALIZED_AUTOS = YES_AGGRESSIVE;
				GCC_WARN_UNUSED_FUNCTION = YES;
				GCC_WARN_UNUSED_VARIABLE = YES;
				IPHONEOS_DEPLOYMENT_TARGET = 12.0;
				MTL_ENABLE_DEBUG_INFO = NO;
				MTL_FAST_MATH = YES;
				SDKROOT = iphoneos;
				SWIFT_COMPILATION_MODE = wholemodule;
				SWIFT_OPTIMIZATION_LEVEL = "-O";
				VALIDATE_PRODUCT = YES;
			};
			name = Release;
		};
		4A44FA8D2189C02300AC735A /* Debug */ = {
			isa = XCBuildConfiguration;
			baseConfigurationReference = 1D421270ABE11F408E7CB163 /* Pods-LPHSignageLive.debug.xcconfig */;
			buildSettings = {
				ASSETCATALOG_COMPILER_APPICON_NAME = AppIcon;
				CODE_SIGN_STYLE = Automatic;
				DEVELOPMENT_TEAM = 2392YT52CQ;
				INFOPLIST_FILE = LPHSignageLive/Info.plist;
				LD_RUNPATH_SEARCH_PATHS = (
					"$(inherited)",
					"@executable_path/Frameworks",
				);
				PRODUCT_BUNDLE_IDENTIFIER = tommurray.LPHSignageLive;
				PRODUCT_NAME = "$(TARGET_NAME)";
				SWIFT_VERSION = 4.2;
				TARGETED_DEVICE_FAMILY = "1,2";
			};
			name = Debug;
		};
		4A44FA8E2189C02300AC735A /* Release */ = {
			isa = XCBuildConfiguration;
			baseConfigurationReference = D673EA1C30A55D2301F09D37 /* Pods-LPHSignageLive.release.xcconfig */;
			buildSettings = {
				ASSETCATALOG_COMPILER_APPICON_NAME = AppIcon;
				CODE_SIGN_STYLE = Automatic;
				DEVELOPMENT_TEAM = 2392YT52CQ;
				INFOPLIST_FILE = LPHSignageLive/Info.plist;
				LD_RUNPATH_SEARCH_PATHS = (
					"$(inherited)",
					"@executable_path/Frameworks",
				);
				PRODUCT_BUNDLE_IDENTIFIER = tommurray.LPHSignageLive;
				PRODUCT_NAME = "$(TARGET_NAME)";
				SWIFT_VERSION = 4.2;
				TARGETED_DEVICE_FAMILY = "1,2";
			};
			name = Release;
		};
		4A44FA902189C02300AC735A /* Debug */ = {
			isa = XCBuildConfiguration;
			baseConfigurationReference = 50E1C622D320D24A8DE9627E /* Pods-LPHSignageLiveTests.debug.xcconfig */;
			buildSettings = {
				ALWAYS_EMBED_SWIFT_STANDARD_LIBRARIES = YES;
				BUNDLE_LOADER = "$(TEST_HOST)";
				CODE_SIGN_STYLE = Automatic;
				DEVELOPMENT_TEAM = 2392YT52CQ;
				INFOPLIST_FILE = LPHSignageLiveTests/Info.plist;
				LD_RUNPATH_SEARCH_PATHS = (
					"$(inherited)",
					"@executable_path/Frameworks",
					"@loader_path/Frameworks",
				);
				PRODUCT_BUNDLE_IDENTIFIER = tommurray.LPHSignageLiveTests;
				PRODUCT_NAME = "$(TARGET_NAME)";
				SWIFT_VERSION = 4.2;
				TARGETED_DEVICE_FAMILY = "1,2";
				TEST_HOST = "$(BUILT_PRODUCTS_DIR)/LPHSignageLive.app/LPHSignageLive";
			};
			name = Debug;
		};
		4A44FA912189C02300AC735A /* Release */ = {
			isa = XCBuildConfiguration;
			baseConfigurationReference = 3E428841F22B4013B70FEAA2 /* Pods-LPHSignageLiveTests.release.xcconfig */;
			buildSettings = {
				ALWAYS_EMBED_SWIFT_STANDARD_LIBRARIES = YES;
				BUNDLE_LOADER = "$(TEST_HOST)";
				CODE_SIGN_STYLE = Automatic;
				DEVELOPMENT_TEAM = 2392YT52CQ;
				INFOPLIST_FILE = LPHSignageLiveTests/Info.plist;
				LD_RUNPATH_SEARCH_PATHS = (
					"$(inherited)",
					"@executable_path/Frameworks",
					"@loader_path/Frameworks",
				);
				PRODUCT_BUNDLE_IDENTIFIER = tommurray.LPHSignageLiveTests;
				PRODUCT_NAME = "$(TARGET_NAME)";
				SWIFT_VERSION = 4.2;
				TARGETED_DEVICE_FAMILY = "1,2";
				TEST_HOST = "$(BUILT_PRODUCTS_DIR)/LPHSignageLive.app/LPHSignageLive";
			};
			name = Release;
		};
/* End XCBuildConfiguration section */

/* Begin XCConfigurationList section */
		4A44FA672189C02200AC735A /* Build configuration list for PBXProject "LPHSignageLive" */ = {
			isa = XCConfigurationList;
			buildConfigurations = (
				4A44FA8A2189C02300AC735A /* Debug */,
				4A44FA8B2189C02300AC735A /* Release */,
			);
			defaultConfigurationIsVisible = 0;
			defaultConfigurationName = Release;
		};
		4A44FA8C2189C02300AC735A /* Build configuration list for PBXNativeTarget "LPHSignageLive" */ = {
			isa = XCConfigurationList;
			buildConfigurations = (
				4A44FA8D2189C02300AC735A /* Debug */,
				4A44FA8E2189C02300AC735A /* Release */,
			);
			defaultConfigurationIsVisible = 0;
			defaultConfigurationName = Release;
		};
		4A44FA8F2189C02300AC735A /* Build configuration list for PBXNativeTarget "LPHSignageLiveTests" */ = {
			isa = XCConfigurationList;
			buildConfigurations = (
				4A44FA902189C02300AC735A /* Debug */,
				4A44FA912189C02300AC735A /* Release */,
			);
			defaultConfigurationIsVisible = 0;
			defaultConfigurationName = Release;
		};
/* End XCConfigurationList section */

/* Begin XCVersionGroup section */
		4A44FA762189C02200AC735A /* LPHSignageLive.xcdatamodeld */ = {
			isa = XCVersionGroup;
			children = (
				4A44FA772189C02200AC735A /* LPHSignageLive.xcdatamodel */,
			);
			currentVersion = 4A44FA772189C02200AC735A /* LPHSignageLive.xcdatamodel */;
			path = LPHSignageLive.xcdatamodeld;
			sourceTree = "<group>";
			versionGroupType = wrapper.xcdatamodel;
		};
/* End XCVersionGroup section */
	};
	rootObject = 4A44FA642189C02200AC735A /* Project object */;
}
